// !$*UTF8*$!
{
	archiveVersion = 1;
	classes = {
	};
	objectVersion = 55;
	objects = {

/* Begin PBXBuildFile section */
		26DDCC0A27ACFC37001C98C3 /* starWarsApp.swift in Sources */ = {isa = PBXBuildFile; fileRef = 26DDCC0927ACFC37001C98C3 /* starWarsApp.swift */; };
		26DDCC0C27ACFC37001C98C3 /* ContentView.swift in Sources */ = {isa = PBXBuildFile; fileRef = 26DDCC0B27ACFC37001C98C3 /* ContentView.swift */; };
		26DDCC0E27ACFC46001C98C3 /* Assets.xcassets in Resources */ = {isa = PBXBuildFile; fileRef = 26DDCC0D27ACFC46001C98C3 /* Assets.xcassets */; };
		26DDCC1127ACFC46001C98C3 /* Preview Assets.xcassets in Resources */ = {isa = PBXBuildFile; fileRef = 26DDCC1027ACFC46001C98C3 /* Preview Assets.xcassets */; };
		26DDCC1B27ACFC46001C98C3 /* starWarsTests.swift in Sources */ = {isa = PBXBuildFile; fileRef = 26DDCC1A27ACFC46001C98C3 /* starWarsTests.swift */; };
		26DDCC2527ACFC46001C98C3 /* starWarsUITests.swift in Sources */ = {isa = PBXBuildFile; fileRef = 26DDCC2427ACFC46001C98C3 /* starWarsUITests.swift */; };
		26DDCC2727ACFC46001C98C3 /* starWarsUITestsLaunchTests.swift in Sources */ = {isa = PBXBuildFile; fileRef = 26DDCC2627ACFC46001C98C3 /* starWarsUITestsLaunchTests.swift */; };
/* End PBXBuildFile section */

/* Begin PBXContainerItemProxy section */
		26DDCC1727ACFC46001C98C3 /* PBXContainerItemProxy */ = {
			isa = PBXContainerItemProxy;
			containerPortal = 26DDCBFE27ACFC37001C98C3 /* Project object */;
			proxyType = 1;
			remoteGlobalIDString = 26DDCC0527ACFC37001C98C3;
			remoteInfo = starWars;
		};
		26DDCC2127ACFC46001C98C3 /* PBXContainerItemProxy */ = {
			isa = PBXContainerItemProxy;
			containerPortal = 26DDCBFE27ACFC37001C98C3 /* Project object */;
			proxyType = 1;
			remoteGlobalIDString = 26DDCC0527ACFC37001C98C3;
			remoteInfo = starWars;
		};
/* End PBXContainerItemProxy section */

/* Begin PBXFileReference section */
		26DDCC0627ACFC37001C98C3 /* starWars.app */ = {isa = PBXFileReference; explicitFileType = wrapper.application; includeInIndex = 0; path = starWars.app; sourceTree = BUILT_PRODUCTS_DIR; };
		26DDCC0927ACFC37001C98C3 /* starWarsApp.swift */ = {isa = PBXFileReference; lastKnownFileType = sourcecode.swift; path = starWarsApp.swift; sourceTree = "<group>"; };
		26DDCC0B27ACFC37001C98C3 /* ContentView.swift */ = {isa = PBXFileReference; lastKnownFileType = sourcecode.swift; path = ContentView.swift; sourceTree = "<group>"; };
		26DDCC0D27ACFC46001C98C3 /* Assets.xcassets */ = {isa = PBXFileReference; lastKnownFileType = folder.assetcatalog; path = Assets.xcassets; sourceTree = "<group>"; };
		26DDCC1027ACFC46001C98C3 /* Preview Assets.xcassets */ = {isa = PBXFileReference; lastKnownFileType = folder.assetcatalog; path = "Preview Assets.xcassets"; sourceTree = "<group>"; };
		26DDCC1627ACFC46001C98C3 /* starWarsTests.xctest */ = {isa = PBXFileReference; explicitFileType = wrapper.cfbundle; includeInIndex = 0; path = starWarsTests.xctest; sourceTree = BUILT_PRODUCTS_DIR; };
		26DDCC1A27ACFC46001C98C3 /* starWarsTests.swift */ = {isa = PBXFileReference; lastKnownFileType = sourcecode.swift; path = starWarsTests.swift; sourceTree = "<group>"; };
		26DDCC2027ACFC46001C98C3 /* starWarsUITests.xctest */ = {isa = PBXFileReference; explicitFileType = wrapper.cfbundle; includeInIndex = 0; path = starWarsUITests.xctest; sourceTree = BUILT_PRODUCTS_DIR; };
		26DDCC2427ACFC46001C98C3 /* starWarsUITests.swift */ = {isa = PBXFileReference; lastKnownFileType = sourcecode.swift; path = starWarsUITests.swift; sourceTree = "<group>"; };
		26DDCC2627ACFC46001C98C3 /* starWarsUITestsLaunchTests.swift */ = {isa = PBXFileReference; lastKnownFileType = sourcecode.swift; path = starWarsUITestsLaunchTests.swift; sourceTree = "<group>"; };
/* End PBXFileReference section */

/* Begin PBXFrameworksBuildPhase section */
		26DDCC0327ACFC37001C98C3 /* Frameworks */ = {
			isa = PBXFrameworksBuildPhase;
			buildActionMask = 2147483647;
			files = (
			);
			runOnlyForDeploymentPostprocessing = 0;
		};
		26DDCC1327ACFC46001C98C3 /* Frameworks */ = {
			isa = PBXFrameworksBuildPhase;
			buildActionMask = 2147483647;
			files = (
			);
			runOnlyForDeploymentPostprocessing = 0;
		};
		26DDCC1D27ACFC46001C98C3 /* Frameworks */ = {
			isa = PBXFrameworksBuildPhase;
			buildActionMask = 2147483647;
			files = (
			);
			runOnlyForDeploymentPostprocessing = 0;
		};
/* End PBXFrameworksBuildPhase section */

/* Begin PBXGroup section */
		26DDCBFD27ACFC37001C98C3 = {
			isa = PBXGroup;
			children = (
				26DDCC0827ACFC37001C98C3 /* starWars */,
				26DDCC1927ACFC46001C98C3 /* starWarsTests */,
				26DDCC2327ACFC46001C98C3 /* starWarsUITests */,
				26DDCC0727ACFC37001C98C3 /* Products */,
			);
			sourceTree = "<group>";
		};
		26DDCC0727ACFC37001C98C3 /* Products */ = {
			isa = PBXGroup;
			children = (
				26DDCC0627ACFC37001C98C3 /* starWars.app */,
				26DDCC1627ACFC46001C98C3 /* starWarsTests.xctest */,
				26DDCC2027ACFC46001C98C3 /* starWarsUITests.xctest */,
			);
			name = Products;
			sourceTree = "<group>";
		};
		26DDCC0827ACFC37001C98C3 /* starWars */ = {
			isa = PBXGroup;
			children = (
				26DDCC0927ACFC37001C98C3 /* starWarsApp.swift */,
				26DDCC0B27ACFC37001C98C3 /* ContentView.swift */,
				26DDCC0D27ACFC46001C98C3 /* Assets.xcassets */,
				26DDCC0F27ACFC46001C98C3 /* Preview Content */,
			);
			path = starWars;
			sourceTree = "<group>";
		};
		26DDCC0F27ACFC46001C98C3 /* Preview Content */ = {
			isa = PBXGroup;
			children = (
				26DDCC1027ACFC46001C98C3 /* Preview Assets.xcassets */,
			);
			path = "Preview Content";
			sourceTree = "<group>";
		};
		26DDCC1927ACFC46001C98C3 /* starWarsTests */ = {
			isa = PBXGroup;
			children = (
				26DDCC1A27ACFC46001C98C3 /* starWarsTests.swift */,
			);
			path = starWarsTests;
			sourceTree = "<group>";
		};
		26DDCC2327ACFC46001C98C3 /* starWarsUITests */ = {
			isa = PBXGroup;
			children = (
				26DDCC2427ACFC46001C98C3 /* starWarsUITests.swift */,
				26DDCC2627ACFC46001C98C3 /* starWarsUITestsLaunchTests.swift */,
			);
			path = starWarsUITests;
			sourceTree = "<group>";
		};
/* End PBXGroup section */

/* Begin PBXNativeTarget section */
		26DDCC0527ACFC37001C98C3 /* starWars */ = {
			isa = PBXNativeTarget;
			buildConfigurationList = 26DDCC2A27ACFC46001C98C3 /* Build configuration list for PBXNativeTarget "starWars" */;
			buildPhases = (
				26DDCC0227ACFC37001C98C3 /* Sources */,
				26DDCC0327ACFC37001C98C3 /* Frameworks */,
				26DDCC0427ACFC37001C98C3 /* Resources */,
			);
			buildRules = (
			);
			dependencies = (
			);
			name = starWars;
			productName = starWars;
			productReference = 26DDCC0627ACFC37001C98C3 /* starWars.app */;
			productType = "com.apple.product-type.application";
		};
		26DDCC1527ACFC46001C98C3 /* starWarsTests */ = {
			isa = PBXNativeTarget;
			buildConfigurationList = 26DDCC2D27ACFC46001C98C3 /* Build configuration list for PBXNativeTarget "starWarsTests" */;
			buildPhases = (
				26DDCC1227ACFC46001C98C3 /* Sources */,
				26DDCC1327ACFC46001C98C3 /* Frameworks */,
				26DDCC1427ACFC46001C98C3 /* Resources */,
			);
			buildRules = (
			);
			dependencies = (
				26DDCC1827ACFC46001C98C3 /* PBXTargetDependency */,
			);
			name = starWarsTests;
			productName = starWarsTests;
			productReference = 26DDCC1627ACFC46001C98C3 /* starWarsTests.xctest */;
			productType = "com.apple.product-type.bundle.unit-test";
		};
		26DDCC1F27ACFC46001C98C3 /* starWarsUITests */ = {
			isa = PBXNativeTarget;
			buildConfigurationList = 26DDCC3027ACFC46001C98C3 /* Build configuration list for PBXNativeTarget "starWarsUITests" */;
			buildPhases = (
				26DDCC1C27ACFC46001C98C3 /* Sources */,
				26DDCC1D27ACFC46001C98C3 /* Frameworks */,
				26DDCC1E27ACFC46001C98C3 /* Resources */,
			);
			buildRules = (
			);
			dependencies = (
				26DDCC2227ACFC46001C98C3 /* PBXTargetDependency */,
			);
			name = starWarsUITests;
			productName = starWarsUITests;
			productReference = 26DDCC2027ACFC46001C98C3 /* starWarsUITests.xctest */;
			productType = "com.apple.product-type.bundle.ui-testing";
		};
/* End PBXNativeTarget section */

/* Begin PBXProject section */
		26DDCBFE27ACFC37001C98C3 /* Project object */ = {
			isa = PBXProject;
			attributes = {
				BuildIndependentTargetsInParallel = 1;
				LastSwiftUpdateCheck = 1300;
				LastUpgradeCheck = 1300;
				TargetAttributes = {
					26DDCC0527ACFC37001C98C3 = {
						CreatedOnToolsVersion = 13.0;
					};
					26DDCC1527ACFC46001C98C3 = {
						CreatedOnToolsVersion = 13.0;
						TestTargetID = 26DDCC0527ACFC37001C98C3;
					};
					26DDCC1F27ACFC46001C98C3 = {
						CreatedOnToolsVersion = 13.0;
						TestTargetID = 26DDCC0527ACFC37001C98C3;
					};
				};
			};
			buildConfigurationList = 26DDCC0127ACFC37001C98C3 /* Build configuration list for PBXProject "starWars" */;
			compatibilityVersion = "Xcode 13.0";
			developmentRegion = en;
			hasScannedForEncodings = 0;
			knownRegions = (
				en,
				Base,
			);
			mainGroup = 26DDCBFD27ACFC37001C98C3;
			productRefGroup = 26DDCC0727ACFC37001C98C3 /* Products */;
			projectDirPath = "";
			projectRoot = "";
			targets = (
				26DDCC0527ACFC37001C98C3 /* starWars */,
				26DDCC1527ACFC46001C98C3 /* starWarsTests */,
				26DDCC1F27ACFC46001C98C3 /* starWarsUITests */,
			);
		};
/* End PBXProject section */

/* Begin PBXResourcesBuildPhase section */
		26DDCC0427ACFC37001C98C3 /* Resources */ = {
			isa = PBXResourcesBuildPhase;
			buildActionMask = 2147483647;
			files = (
				26DDCC1127ACFC46001C98C3 /* Preview Assets.xcassets in Resources */,
				26DDCC0E27ACFC46001C98C3 /* Assets.xcassets in Resources */,
			);
			runOnlyForDeploymentPostprocessing = 0;
		};
		26DDCC1427ACFC46001C98C3 /* Resources */ = {
			isa = PBXResourcesBuildPhase;
			buildActionMask = 2147483647;
			files = (
			);
			runOnlyForDeploymentPostprocessing = 0;
		};
		26DDCC1E27ACFC46001C98C3 /* Resources */ = {
			isa = PBXResourcesBuildPhase;
			buildActionMask = 2147483647;
			files = (
			);
			runOnlyForDeploymentPostprocessing = 0;
		};
/* End PBXResourcesBuildPhase section */

/* Begin PBXSourcesBuildPhase section */
		26DDCC0227ACFC37001C98C3 /* Sources */ = {
			isa = PBXSourcesBuildPhase;
			buildActionMask = 2147483647;
			files = (
				26DDCC0C27ACFC37001C98C3 /* ContentView.swift in Sources */,
				26DDCC0A27ACFC37001C98C3 /* starWarsApp.swift in Sources */,
			);
			runOnlyForDeploymentPostprocessing = 0;
		};
		26DDCC1227ACFC46001C98C3 /* Sources */ = {
			isa = PBXSourcesBuildPhase;
			buildActionMask = 2147483647;
			files = (
				26DDCC1B27ACFC46001C98C3 /* starWarsTests.swift in Sources */,
			);
			runOnlyForDeploymentPostprocessing = 0;
		};
		26DDCC1C27ACFC46001C98C3 /* Sources */ = {
			isa = PBXSourcesBuildPhase;
			buildActionMask = 2147483647;
			files = (
				26DDCC2727ACFC46001C98C3 /* starWarsUITestsLaunchTests.swift in Sources */,
				26DDCC2527ACFC46001C98C3 /* starWarsUITests.swift in Sources */,
			);
			runOnlyForDeploymentPostprocessing = 0;
		};
/* End PBXSourcesBuildPhase section */

/* Begin PBXTargetDependency section */
		26DDCC1827ACFC46001C98C3 /* PBXTargetDependency */ = {
			isa = PBXTargetDependency;
			target = 26DDCC0527ACFC37001C98C3 /* starWars */;
			targetProxy = 26DDCC1727ACFC46001C98C3 /* PBXContainerItemProxy */;
		};
		26DDCC2227ACFC46001C98C3 /* PBXTargetDependency */ = {
			isa = PBXTargetDependency;
			target = 26DDCC0527ACFC37001C98C3 /* starWars */;
			targetProxy = 26DDCC2127ACFC46001C98C3 /* PBXContainerItemProxy */;
		};
/* End PBXTargetDependency section */

/* Begin XCBuildConfiguration section */
		26DDCC2827ACFC46001C98C3 /* Debug */ = {
			isa = XCBuildConfiguration;
			buildSettings = {
				ALWAYS_SEARCH_USER_PATHS = NO;
				CLANG_ANALYZER_NONNULL = YES;
				CLANG_ANALYZER_NUMBER_OBJECT_CONVERSION = YES_AGGRESSIVE;
				CLANG_CXX_LANGUAGE_STANDARD = "gnu++17";
				CLANG_CXX_LIBRARY = "libc++";
				CLANG_ENABLE_MODULES = YES;
				CLANG_ENABLE_OBJC_ARC = YES;
				CLANG_ENABLE_OBJC_WEAK = YES;
				CLANG_WARN_BLOCK_CAPTURE_AUTORELEASING = YES;
				CLANG_WARN_BOOL_CONVERSION = YES;
				CLANG_WARN_COMMA = YES;
				CLANG_WARN_CONSTANT_CONVERSION = YES;
				CLANG_WARN_DEPRECATED_OBJC_IMPLEMENTATIONS = YES;
				CLANG_WARN_DIRECT_OBJC_ISA_USAGE = YES_ERROR;
				CLANG_WARN_DOCUMENTATION_COMMENTS = YES;
				CLANG_WARN_EMPTY_BODY = YES;
				CLANG_WARN_ENUM_CONVERSION = YES;
				CLANG_WARN_INFINITE_RECURSION = YES;
				CLANG_WARN_INT_CONVERSION = YES;
				CLANG_WARN_NON_LITERAL_NULL_CONVERSION = YES;
				CLANG_WARN_OBJC_IMPLICIT_RETAIN_SELF = YES;
				CLANG_WARN_OBJC_LITERAL_CONVERSION = YES;
				CLANG_WARN_OBJC_ROOT_CLASS = YES_ERROR;
				CLANG_WARN_QUOTED_INCLUDE_IN_FRAMEWORK_HEADER = YES;
				CLANG_WARN_RANGE_LOOP_ANALYSIS = YES;
				CLANG_WARN_STRICT_PROTOTYPES = YES;
				CLANG_WARN_SUSPICIOUS_MOVE = YES;
				CLANG_WARN_UNGUARDED_AVAILABILITY = YES_AGGRESSIVE;
				CLANG_WARN_UNREACHABLE_CODE = YES;
				CLANG_WARN__DUPLICATE_METHOD_MATCH = YES;
				COPY_PHASE_STRIP = NO;
				DEBUG_INFORMATION_FORMAT = dwarf;
				ENABLE_STRICT_OBJC_MSGSEND = YES;
				ENABLE_TESTABILITY = YES;
				GCC_C_LANGUAGE_STANDARD = gnu11;
				GCC_DYNAMIC_NO_PIC = NO;
				GCC_NO_COMMON_BLOCKS = YES;
				GCC_OPTIMIZATION_LEVEL = 0;
				GCC_PREPROCESSOR_DEFINITIONS = (
					"DEBUG=1",
					"$(inherited)",
				);
				GCC_WARN_64_TO_32_BIT_CONVERSION = YES;
				GCC_WARN_ABOUT_RETURN_TYPE = YES_ERROR;
				GCC_WARN_UNDECLARED_SELECTOR = YES;
				GCC_WARN_UNINITIALIZED_AUTOS = YES_AGGRESSIVE;
				GCC_WARN_UNUSED_FUNCTION = YES;
				GCC_WARN_UNUSED_VARIABLE = YES;
				IPHONEOS_DEPLOYMENT_TARGET = 15.0;
				MTL_ENABLE_DEBUG_INFO = INCLUDE_SOURCE;
				MTL_FAST_MATH = YES;
				ONLY_ACTIVE_ARCH = YES;
				SDKROOT = iphoneos;
				SWIFT_ACTIVE_COMPILATION_CONDITIONS = DEBUG;
				SWIFT_OPTIMIZATION_LEVEL = "-Onone";
			};
			name = Debug;
		};
		26DDCC2927ACFC46001C98C3 /* Release */ = {
			isa = XCBuildConfiguration;
			buildSettings = {
				ALWAYS_SEARCH_USER_PATHS = NO;
				CLANG_ANALYZER_NONNULL = YES;
				CLANG_ANALYZER_NUMBER_OBJECT_CONVERSION = YES_AGGRESSIVE;
				CLANG_CXX_LANGUAGE_STANDARD = "gnu++17";
				CLANG_CXX_LIBRARY = "libc++";
				CLANG_ENABLE_MODULES = YES;
				CLANG_ENABLE_OBJC_ARC = YES;
				CLANG_ENABLE_OBJC_WEAK = YES;
				CLANG_WARN_BLOCK_CAPTURE_AUTORELEASING = YES;
				CLANG_WARN_BOOL_CONVERSION = YES;
				CLANG_WARN_COMMA = YES;
				CLANG_WARN_CONSTANT_CONVERSION = YES;
				CLANG_WARN_DEPRECATED_OBJC_IMPLEMENTATIONS = YES;
				CLANG_WARN_DIRECT_OBJC_ISA_USAGE = YES_ERROR;
				CLANG_WARN_DOCUMENTATION_COMMENTS = YES;
				CLANG_WARN_EMPTY_BODY = YES;
				CLANG_WARN_ENUM_CONVERSION = YES;
				CLANG_WARN_INFINITE_RECURSION = YES;
				CLANG_WARN_INT_CONVERSION = YES;
				CLANG_WARN_NON_LITERAL_NULL_CONVERSION = YES;
				CLANG_WARN_OBJC_IMPLICIT_RETAIN_SELF = YES;
				CLANG_WARN_OBJC_LITERAL_CONVERSION = YES;
				CLANG_WARN_OBJC_ROOT_CLASS = YES_ERROR;
				CLANG_WARN_QUOTED_INCLUDE_IN_FRAMEWORK_HEADER = YES;
				CLANG_WARN_RANGE_LOOP_ANALYSIS = YES;
				CLANG_WARN_STRICT_PROTOTYPES = YES;
				CLANG_WARN_SUSPICIOUS_MOVE = YES;
				CLANG_WARN_UNGUARDED_AVAILABILITY = YES_AGGRESSIVE;
				CLANG_WARN_UNREACHABLE_CODE = YES;
				CLANG_WARN__DUPLICATE_METHOD_MATCH = YES;
				COPY_PHASE_STRIP = NO;
				DEBUG_INFORMATION_FORMAT = "dwarf-with-dsym";
				ENABLE_NS_ASSERTIONS = NO;
				ENABLE_STRICT_OBJC_MSGSEND = YES;
				GCC_C_LANGUAGE_STANDARD = gnu11;
				GCC_NO_COMMON_BLOCKS = YES;
				GCC_WARN_64_TO_32_BIT_CONVERSION = YES;
				GCC_WARN_ABOUT_RETURN_TYPE = YES_ERROR;
				GCC_WARN_UNDECLARED_SELECTOR = YES;
				GCC_WARN_UNINITIALIZED_AUTOS = YES_AGGRESSIVE;
				GCC_WARN_UNUSED_FUNCTION = YES;
				GCC_WARN_UNUSED_VARIABLE = YES;
				IPHONEOS_DEPLOYMENT_TARGET = 15.0;
				MTL_ENABLE_DEBUG_INFO = NO;
				MTL_FAST_MATH = YES;
				SDKROOT = iphoneos;
				SWIFT_COMPILATION_MODE = wholemodule;
				SWIFT_OPTIMIZATION_LEVEL = "-O";
				VALIDATE_PRODUCT = YES;
			};
			name = Release;
		};
		26DDCC2B27ACFC46001C98C3 /* Debug */ = {
			isa = XCBuildConfiguration;
			buildSettings = {
				ASSETCATALOG_COMPILER_APPICON_NAME = AppIcon;
				ASSETCATALOG_COMPILER_GLOBAL_ACCENT_COLOR_NAME = AccentColor;
				CODE_SIGN_STYLE = Automatic;
				CURRENT_PROJECT_VERSION = 1;
				DEVELOPMENT_ASSET_PATHS = "\"starWars/Preview Content\"";
				ENABLE_PREVIEWS = YES;
				GENERATE_INFOPLIST_FILE = YES;
				INFOPLIST_KEY_UIApplicationSceneManifest_Generation = YES;
				INFOPLIST_KEY_UIApplicationSupportsIndirectInputEvents = YES;
				INFOPLIST_KEY_UILaunchScreen_Generation = YES;
				INFOPLIST_KEY_UISupportedInterfaceOrientations_iPad = "UIInterfaceOrientationPortrait UIInterfaceOrientationPortraitUpsideDown UIInterfaceOrientationLandscapeLeft UIInterfaceOrientationLandscapeRight";
				INFOPLIST_KEY_UISupportedInterfaceOrientations_iPhone = "UIInterfaceOrientationPortrait UIInterfaceOrientationLandscapeLeft UIInterfaceOrientationLandscapeRight";
				IPHONEOS_DEPLOYMENT_TARGET = 14.0;
				LD_RUNPATH_SEARCH_PATHS = (
					"$(inherited)",
					"@executable_path/Frameworks",
				);
				MARKETING_VERSION = 1.0;
				PRODUCT_BUNDLE_IDENTIFIER = com.nttdata.starWars;
				PRODUCT_NAME = "$(TARGET_NAME)";
				SWIFT_EMIT_LOC_STRINGS = YES;
				SWIFT_VERSION = 5.0;
				TARGETED_DEVICE_FAMILY = "1,2";
			};
			name = Debug;
		};
		26DDCC2C27ACFC46001C98C3 /* Release */ = {
			isa = XCBuildConfiguration;
			buildSettings = {
				ASSETCATALOG_COMPILER_APPICON_NAME = AppIcon;
				ASSETCATALOG_COMPILER_GLOBAL_ACCENT_COLOR_NAME = AccentColor;
				CODE_SIGN_STYLE = Automatic;
				CURRENT_PROJECT_VERSION = 1;
				DEVELOPMENT_ASSET_PATHS = "\"starWars/Preview Content\"";
				ENABLE_PREVIEWS = YES;
				GENERATE_INFOPLIST_FILE = YES;
				INFOPLIST_KEY_UIApplicationSceneManifest_Generation = YES;
				INFOPLIST_KEY_UIApplicationSupportsIndirectInputEvents = YES;
				INFOPLIST_KEY_UILaunchScreen_Generation = YES;
				INFOPLIST_KEY_UISupportedInterfaceOrientations_iPad = "UIInterfaceOrientationPortrait UIInterfaceOrientationPortraitUpsideDown UIInterfaceOrientationLandscapeLeft UIInterfaceOrientationLandscapeRight";
				INFOPLIST_KEY_UISupportedInterfaceOrientations_iPhone = "UIInterfaceOrientationPortrait UIInterfaceOrientationLandscapeLeft UIInterfaceOrientationLandscapeRight";
				IPHONEOS_DEPLOYMENT_TARGET = 14.0;
				LD_RUNPATH_SEARCH_PATHS = (
					"$(inherited)",
					"@executable_path/Frameworks",
				);
				MARKETING_VERSION = 1.0;
				PRODUCT_BUNDLE_IDENTIFIER = com.nttdata.starWars;
				PRODUCT_NAME = "$(TARGET_NAME)";
				SWIFT_EMIT_LOC_STRINGS = YES;
				SWIFT_VERSION = 5.0;
				TARGETED_DEVICE_FAMILY = "1,2";
			};
			name = Release;
		};
		26DDCC2E27ACFC46001C98C3 /* Debug */ = {
			isa = XCBuildConfiguration;
			buildSettings = {
				ALWAYS_EMBED_SWIFT_STANDARD_LIBRARIES = YES;
				BUNDLE_LOADER = "$(TEST_HOST)";
				CODE_SIGN_STYLE = Automatic;
				CURRENT_PROJECT_VERSION = 1;
				GENERATE_INFOPLIST_FILE = YES;
				IPHONEOS_DEPLOYMENT_TARGET = 14.0;
				LD_RUNPATH_SEARCH_PATHS = (
					"$(inherited)",
					"@executable_path/Frameworks",
					"@loader_path/Frameworks",
				);
				MARKETING_VERSION = 1.0;
				PRODUCT_BUNDLE_IDENTIFIER = com.nttdata.starWarsTests;
				PRODUCT_NAME = "$(TARGET_NAME)";
				SWIFT_EMIT_LOC_STRINGS = NO;
				SWIFT_VERSION = 5.0;
				TARGETED_DEVICE_FAMILY = "1,2";
				TEST_HOST = "$(BUILT_PRODUCTS_DIR)/starWars.app/starWars";
			};
			name = Debug;
		};
		26DDCC2F27ACFC46001C98C3 /* Release */ = {
			isa = XCBuildConfiguration;
			buildSettings = {
				ALWAYS_EMBED_SWIFT_STANDARD_LIBRARIES = YES;
				BUNDLE_LOADER = "$(TEST_HOST)";
				CODE_SIGN_STYLE = Automatic;
				CURRENT_PROJECT_VERSION = 1;
				GENERATE_INFOPLIST_FILE = YES;
				IPHONEOS_DEPLOYMENT_TARGET = 14.0;
				LD_RUNPATH_SEARCH_PATHS = (
					"$(inherited)",
					"@executable_path/Frameworks",
					"@loader_path/Frameworks",
				);
				MARKETING_VERSION = 1.0;
				PRODUCT_BUNDLE_IDENTIFIER = com.nttdata.starWarsTests;
				PRODUCT_NAME = "$(TARGET_NAME)";
				SWIFT_EMIT_LOC_STRINGS = NO;
				SWIFT_VERSION = 5.0;
				TARGETED_DEVICE_FAMILY = "1,2";
				TEST_HOST = "$(BUILT_PRODUCTS_DIR)/starWars.app/starWars";
			};
			name = Release;
		};
		26DDCC3127ACFC46001C98C3 /* Debug */ = {
			isa = XCBuildConfiguration;
			buildSettings = {
				ALWAYS_EMBED_SWIFT_STANDARD_LIBRARIES = YES;
				CODE_SIGN_STYLE = Automatic;
				CURRENT_PROJECT_VERSION = 1;
				GENERATE_INFOPLIST_FILE = YES;
				LD_RUNPATH_SEARCH_PATHS = (
					"$(inherited)",
					"@executable_path/Frameworks",
					"@loader_path/Frameworks",
				);
				MARKETING_VERSION = 1.0;
				PRODUCT_BUNDLE_IDENTIFIER = com.nttdata.starWarsUITests;
				PRODUCT_NAME = "$(TARGET_NAME)";
				SWIFT_EMIT_LOC_STRINGS = NO;
				SWIFT_VERSION = 5.0;
				TARGETED_DEVICE_FAMILY = "1,2";
				TEST_TARGET_NAME = starWars;
			};
			name = Debug;
		};
		26DDCC3227ACFC46001C98C3 /* Release */ = {
			isa = XCBuildConfiguration;
			buildSettings = {
				ALWAYS_EMBED_SWIFT_STANDARD_LIBRARIES = YES;
				CODE_SIGN_STYLE = Automatic;
				CURRENT_PROJECT_VERSION = 1;
				GENERATE_INFOPLIST_FILE = YES;
				LD_RUNPATH_SEARCH_PATHS = (
					"$(inherited)",
					"@executable_path/Frameworks",
					"@loader_path/Frameworks",
				);
				MARKETING_VERSION = 1.0;
				PRODUCT_BUNDLE_IDENTIFIER = com.nttdata.starWarsUITests;
				PRODUCT_NAME = "$(TARGET_NAME)";
				SWIFT_EMIT_LOC_STRINGS = NO;
				SWIFT_VERSION = 5.0;
				TARGETED_DEVICE_FAMILY = "1,2";
				TEST_TARGET_NAME = starWars;
			};
			name = Release;
		};
/* End XCBuildConfiguration section */

/* Begin XCConfigurationList section */
		26DDCC0127ACFC37001C98C3 /* Build configuration list for PBXProject "starWars" */ = {
			isa = XCConfigurationList;
			buildConfigurations = (
				26DDCC2827ACFC46001C98C3 /* Debug */,
				26DDCC2927ACFC46001C98C3 /* Release */,
			);
			defaultConfigurationIsVisible = 0;
			defaultConfigurationName = Release;
		};
		26DDCC2A27ACFC46001C98C3 /* Build configuration list for PBXNativeTarget "starWars" */ = {
			isa = XCConfigurationList;
			buildConfigurations = (
				26DDCC2B27ACFC46001C98C3 /* Debug */,
				26DDCC2C27ACFC46001C98C3 /* Release */,
			);
			defaultConfigurationIsVisible = 0;
			defaultConfigurationName = Release;
		};
		26DDCC2D27ACFC46001C98C3 /* Build configuration list for PBXNativeTarget "starWarsTests" */ = {
			isa = XCConfigurationList;
			buildConfigurations = (
				26DDCC2E27ACFC46001C98C3 /* Debug */,
				26DDCC2F27ACFC46001C98C3 /* Release */,
			);
			defaultConfigurationIsVisible = 0;
			defaultConfigurationName = Release;
		};
		26DDCC3027ACFC46001C98C3 /* Build configuration list for PBXNativeTarget "starWarsUITests" */ = {
			isa = XCConfigurationList;
			buildConfigurations = (
				26DDCC3127ACFC46001C98C3 /* Debug */,
				26DDCC3227ACFC46001C98C3 /* Release */,
			);
			defaultConfigurationIsVisible = 0;
			defaultConfigurationName = Release;
		};
/* End XCConfigurationList section */
	};
	rootObject = 26DDCBFE27ACFC37001C98C3 /* Project object */;
}
