// !$*UTF8*$!
{
	archiveVersion = 1;
	classes = {
	};
	objectVersion = 55;
	objects = {

/* Begin PBXBuildFile section */
		26C7B568278E210400859E2B /* conecta4App.swift in Sources */ = {isa = PBXBuildFile; fileRef = 26C7B567278E210400859E2B /* conecta4App.swift */; };
		26C7B56A278E210400859E2B /* ContentView.swift in Sources */ = {isa = PBXBuildFile; fileRef = 26C7B569278E210400859E2B /* ContentView.swift */; };
		26C7B56C278E210600859E2B /* Assets.xcassets in Resources */ = {isa = PBXBuildFile; fileRef = 26C7B56B278E210600859E2B /* Assets.xcassets */; };
		26C7B56F278E210600859E2B /* Preview Assets.xcassets in Resources */ = {isa = PBXBuildFile; fileRef = 26C7B56E278E210600859E2B /* Preview Assets.xcassets */; };
		26C7B583278E210600859E2B /* conecta4UITests.swift in Sources */ = {isa = PBXBuildFile; fileRef = 26C7B582278E210600859E2B /* conecta4UITests.swift */; };
		26C7B585278E210600859E2B /* conecta4UITestsLaunchTests.swift in Sources */ = {isa = PBXBuildFile; fileRef = 26C7B584278E210600859E2B /* conecta4UITestsLaunchTests.swift */; };
		26C7B599278E212500859E2B /* Coordinate.swift in Sources */ = {isa = PBXBuildFile; fileRef = 26C7B591278E212500859E2B /* Coordinate.swift */; };
		26C7B59A278E212500859E2B /* Turn.swift in Sources */ = {isa = PBXBuildFile; fileRef = 26C7B592278E212500859E2B /* Turn.swift */; };
		26C7B59B278E212500859E2B /* CellView.swift in Sources */ = {isa = PBXBuildFile; fileRef = 26C7B593278E212500859E2B /* CellView.swift */; };
		26C7B59C278E212500859E2B /* LocalPlayer.swift in Sources */ = {isa = PBXBuildFile; fileRef = 26C7B594278E212500859E2B /* LocalPlayer.swift */; };
		26C7B59D278E212500859E2B /* NullPlayer.swift in Sources */ = {isa = PBXBuildFile; fileRef = 26C7B595278E212500859E2B /* NullPlayer.swift */; };
		26C7B59E278E212500859E2B /* Board.swift in Sources */ = {isa = PBXBuildFile; fileRef = 26C7B596278E212500859E2B /* Board.swift */; };
		26C7B59F278E212500859E2B /* Player.swift in Sources */ = {isa = PBXBuildFile; fileRef = 26C7B597278E212500859E2B /* Player.swift */; };
		26C7B5A0278E212500859E2B /* AwayPlayer.swift in Sources */ = {isa = PBXBuildFile; fileRef = 26C7B598278E212500859E2B /* AwayPlayer.swift */; };
		26C7B5A5278E219200859E2B /* BoardTests.swift in Sources */ = {isa = PBXBuildFile; fileRef = 26C7B5A1278E219200859E2B /* BoardTests.swift */; };
		26C7B5A6278E219200859E2B /* CoordinateTests.swift in Sources */ = {isa = PBXBuildFile; fileRef = 26C7B5A2278E219200859E2B /* CoordinateTests.swift */; };
		26C7B5A7278E219200859E2B /* TurnTests.swift in Sources */ = {isa = PBXBuildFile; fileRef = 26C7B5A3278E219200859E2B /* TurnTests.swift */; };
		26C7B5A8278E219200859E2B /* PlayerTests.swift in Sources */ = {isa = PBXBuildFile; fileRef = 26C7B5A4278E219200859E2B /* PlayerTests.swift */; };
		26C7B5AA278E21A900859E2B /* ContentViewUITests.swift in Sources */ = {isa = PBXBuildFile; fileRef = 26C7B5A9278E21A900859E2B /* ContentViewUITests.swift */; };
/* End PBXBuildFile section */

/* Begin PBXContainerItemProxy section */
		26C7B575278E210600859E2B /* PBXContainerItemProxy */ = {
			isa = PBXContainerItemProxy;
			containerPortal = 26C7B55C278E210400859E2B /* Project object */;
			proxyType = 1;
			remoteGlobalIDString = 26C7B563278E210400859E2B;
			remoteInfo = conecta4;
		};
		26C7B57F278E210600859E2B /* PBXContainerItemProxy */ = {
			isa = PBXContainerItemProxy;
			containerPortal = 26C7B55C278E210400859E2B /* Project object */;
			proxyType = 1;
			remoteGlobalIDString = 26C7B563278E210400859E2B;
			remoteInfo = conecta4;
		};
/* End PBXContainerItemProxy section */

/* Begin PBXFileReference section */
		26C7B564278E210400859E2B /* conecta4.app */ = {isa = PBXFileReference; explicitFileType = wrapper.application; includeInIndex = 0; path = conecta4.app; sourceTree = BUILT_PRODUCTS_DIR; };
		26C7B567278E210400859E2B /* conecta4App.swift */ = {isa = PBXFileReference; lastKnownFileType = sourcecode.swift; path = conecta4App.swift; sourceTree = "<group>"; };
		26C7B569278E210400859E2B /* ContentView.swift */ = {isa = PBXFileReference; lastKnownFileType = sourcecode.swift; path = ContentView.swift; sourceTree = "<group>"; };
		26C7B56B278E210600859E2B /* Assets.xcassets */ = {isa = PBXFileReference; lastKnownFileType = folder.assetcatalog; path = Assets.xcassets; sourceTree = "<group>"; };
		26C7B56E278E210600859E2B /* Preview Assets.xcassets */ = {isa = PBXFileReference; lastKnownFileType = folder.assetcatalog; path = "Preview Assets.xcassets"; sourceTree = "<group>"; };
		26C7B574278E210600859E2B /* conecta4Tests.xctest */ = {isa = PBXFileReference; explicitFileType = wrapper.cfbundle; includeInIndex = 0; path = conecta4Tests.xctest; sourceTree = BUILT_PRODUCTS_DIR; };
		26C7B57E278E210600859E2B /* conecta4UITests.xctest */ = {isa = PBXFileReference; explicitFileType = wrapper.cfbundle; includeInIndex = 0; path = conecta4UITests.xctest; sourceTree = BUILT_PRODUCTS_DIR; };
		26C7B582278E210600859E2B /* conecta4UITests.swift */ = {isa = PBXFileReference; lastKnownFileType = sourcecode.swift; path = conecta4UITests.swift; sourceTree = "<group>"; };
		26C7B584278E210600859E2B /* conecta4UITestsLaunchTests.swift */ = {isa = PBXFileReference; lastKnownFileType = sourcecode.swift; path = conecta4UITestsLaunchTests.swift; sourceTree = "<group>"; };
		26C7B591278E212500859E2B /* Coordinate.swift */ = {isa = PBXFileReference; fileEncoding = 4; lastKnownFileType = sourcecode.swift; path = Coordinate.swift; sourceTree = "<group>"; };
		26C7B592278E212500859E2B /* Turn.swift */ = {isa = PBXFileReference; fileEncoding = 4; lastKnownFileType = sourcecode.swift; path = Turn.swift; sourceTree = "<group>"; };
		26C7B593278E212500859E2B /* CellView.swift */ = {isa = PBXFileReference; fileEncoding = 4; lastKnownFileType = sourcecode.swift; path = CellView.swift; sourceTree = "<group>"; };
		26C7B594278E212500859E2B /* LocalPlayer.swift */ = {isa = PBXFileReference; fileEncoding = 4; lastKnownFileType = sourcecode.swift; path = LocalPlayer.swift; sourceTree = "<group>"; };
		26C7B595278E212500859E2B /* NullPlayer.swift */ = {isa = PBXFileReference; fileEncoding = 4; lastKnownFileType = sourcecode.swift; path = NullPlayer.swift; sourceTree = "<group>"; };
		26C7B596278E212500859E2B /* Board.swift */ = {isa = PBXFileReference; fileEncoding = 4; lastKnownFileType = sourcecode.swift; path = Board.swift; sourceTree = "<group>"; };
		26C7B597278E212500859E2B /* Player.swift */ = {isa = PBXFileReference; fileEncoding = 4; lastKnownFileType = sourcecode.swift; path = Player.swift; sourceTree = "<group>"; };
		26C7B598278E212500859E2B /* AwayPlayer.swift */ = {isa = PBXFileReference; fileEncoding = 4; lastKnownFileType = sourcecode.swift; path = AwayPlayer.swift; sourceTree = "<group>"; };
		26C7B5A1278E219200859E2B /* BoardTests.swift */ = {isa = PBXFileReference; fileEncoding = 4; lastKnownFileType = sourcecode.swift; path = BoardTests.swift; sourceTree = "<group>"; };
		26C7B5A2278E219200859E2B /* CoordinateTests.swift */ = {isa = PBXFileReference; fileEncoding = 4; lastKnownFileType = sourcecode.swift; path = CoordinateTests.swift; sourceTree = "<group>"; };
		26C7B5A3278E219200859E2B /* TurnTests.swift */ = {isa = PBXFileReference; fileEncoding = 4; lastKnownFileType = sourcecode.swift; path = TurnTests.swift; sourceTree = "<group>"; };
		26C7B5A4278E219200859E2B /* PlayerTests.swift */ = {isa = PBXFileReference; fileEncoding = 4; lastKnownFileType = sourcecode.swift; path = PlayerTests.swift; sourceTree = "<group>"; };
		26C7B5A9278E21A900859E2B /* ContentViewUITests.swift */ = {isa = PBXFileReference; fileEncoding = 4; lastKnownFileType = sourcecode.swift; path = ContentViewUITests.swift; sourceTree = "<group>"; };
/* End PBXFileReference section */

/* Begin PBXFrameworksBuildPhase section */
		26C7B561278E210400859E2B /* Frameworks */ = {
			isa = PBXFrameworksBuildPhase;
			buildActionMask = 2147483647;
			files = (
			);
			runOnlyForDeploymentPostprocessing = 0;
		};
		26C7B571278E210600859E2B /* Frameworks */ = {
			isa = PBXFrameworksBuildPhase;
			buildActionMask = 2147483647;
			files = (
			);
			runOnlyForDeploymentPostprocessing = 0;
		};
		26C7B57B278E210600859E2B /* Frameworks */ = {
			isa = PBXFrameworksBuildPhase;
			buildActionMask = 2147483647;
			files = (
			);
			runOnlyForDeploymentPostprocessing = 0;
		};
/* End PBXFrameworksBuildPhase section */

/* Begin PBXGroup section */
		26C7B55B278E210400859E2B = {
			isa = PBXGroup;
			children = (
				26C7B566278E210400859E2B /* conecta4 */,
				26C7B577278E210600859E2B /* conecta4Tests */,
				26C7B581278E210600859E2B /* conecta4UITests */,
				26C7B565278E210400859E2B /* Products */,
			);
			sourceTree = "<group>";
		};
		26C7B565278E210400859E2B /* Products */ = {
			isa = PBXGroup;
			children = (
				26C7B564278E210400859E2B /* conecta4.app */,
				26C7B574278E210600859E2B /* conecta4Tests.xctest */,
				26C7B57E278E210600859E2B /* conecta4UITests.xctest */,
			);
			name = Products;
			sourceTree = "<group>";
		};
		26C7B566278E210400859E2B /* conecta4 */ = {
			isa = PBXGroup;
			children = (
				26C7B567278E210400859E2B /* conecta4App.swift */,
				26C7B569278E210400859E2B /* ContentView.swift */,
				26C7B598278E212500859E2B /* AwayPlayer.swift */,
				26C7B596278E212500859E2B /* Board.swift */,
				26C7B593278E212500859E2B /* CellView.swift */,
				26C7B591278E212500859E2B /* Coordinate.swift */,
				26C7B594278E212500859E2B /* LocalPlayer.swift */,
				26C7B595278E212500859E2B /* NullPlayer.swift */,
				26C7B597278E212500859E2B /* Player.swift */,
				26C7B592278E212500859E2B /* Turn.swift */,
				26C7B56B278E210600859E2B /* Assets.xcassets */,
				26C7B56D278E210600859E2B /* Preview Content */,
			);
			path = conecta4;
			sourceTree = "<group>";
		};
		26C7B56D278E210600859E2B /* Preview Content */ = {
			isa = PBXGroup;
			children = (
				26C7B56E278E210600859E2B /* Preview Assets.xcassets */,
			);
			path = "Preview Content";
			sourceTree = "<group>";
		};
		26C7B577278E210600859E2B /* conecta4Tests */ = {
			isa = PBXGroup;
			children = (
				26C7B5A1278E219200859E2B /* BoardTests.swift */,
				26C7B5A2278E219200859E2B /* CoordinateTests.swift */,
				26C7B5A4278E219200859E2B /* PlayerTests.swift */,
				26C7B5A3278E219200859E2B /* TurnTests.swift */,
			);
			path = conecta4Tests;
			sourceTree = "<group>";
		};
		26C7B581278E210600859E2B /* conecta4UITests */ = {
			isa = PBXGroup;
			children = (
				26C7B5A9278E21A900859E2B /* ContentViewUITests.swift */,
				26C7B582278E210600859E2B /* conecta4UITests.swift */,
				26C7B584278E210600859E2B /* conecta4UITestsLaunchTests.swift */,
			);
			path = conecta4UITests;
			sourceTree = "<group>";
		};
/* End PBXGroup section */

/* Begin PBXNativeTarget section */
		26C7B563278E210400859E2B /* conecta4 */ = {
			isa = PBXNativeTarget;
			buildConfigurationList = 26C7B588278E210600859E2B /* Build configuration list for PBXNativeTarget "conecta4" */;
			buildPhases = (
				26C7B560278E210400859E2B /* Sources */,
				26C7B561278E210400859E2B /* Frameworks */,
				26C7B562278E210400859E2B /* Resources */,
			);
			buildRules = (
			);
			dependencies = (
			);
			name = conecta4;
			productName = conecta4;
			productReference = 26C7B564278E210400859E2B /* conecta4.app */;
			productType = "com.apple.product-type.application";
		};
		26C7B573278E210600859E2B /* conecta4Tests */ = {
			isa = PBXNativeTarget;
			buildConfigurationList = 26C7B58B278E210600859E2B /* Build configuration list for PBXNativeTarget "conecta4Tests" */;
			buildPhases = (
				26C7B570278E210600859E2B /* Sources */,
				26C7B571278E210600859E2B /* Frameworks */,
				26C7B572278E210600859E2B /* Resources */,
			);
			buildRules = (
			);
			dependencies = (
				26C7B576278E210600859E2B /* PBXTargetDependency */,
			);
			name = conecta4Tests;
			productName = conecta4Tests;
			productReference = 26C7B574278E210600859E2B /* conecta4Tests.xctest */;
			productType = "com.apple.product-type.bundle.unit-test";
		};
		26C7B57D278E210600859E2B /* conecta4UITests */ = {
			isa = PBXNativeTarget;
			buildConfigurationList = 26C7B58E278E210600859E2B /* Build configuration list for PBXNativeTarget "conecta4UITests" */;
			buildPhases = (
				26C7B57A278E210600859E2B /* Sources */,
				26C7B57B278E210600859E2B /* Frameworks */,
				26C7B57C278E210600859E2B /* Resources */,
			);
			buildRules = (
			);
			dependencies = (
				26C7B580278E210600859E2B /* PBXTargetDependency */,
			);
			name = conecta4UITests;
			productName = conecta4UITests;
			productReference = 26C7B57E278E210600859E2B /* conecta4UITests.xctest */;
			productType = "com.apple.product-type.bundle.ui-testing";
		};
/* End PBXNativeTarget section */

/* Begin PBXProject section */
		26C7B55C278E210400859E2B /* Project object */ = {
			isa = PBXProject;
			attributes = {
				BuildIndependentTargetsInParallel = 1;
				LastSwiftUpdateCheck = 1300;
				LastUpgradeCheck = 1300;
				TargetAttributes = {
					26C7B563278E210400859E2B = {
						CreatedOnToolsVersion = 13.0;
					};
					26C7B573278E210600859E2B = {
						CreatedOnToolsVersion = 13.0;
						TestTargetID = 26C7B563278E210400859E2B;
					};
					26C7B57D278E210600859E2B = {
						CreatedOnToolsVersion = 13.0;
						TestTargetID = 26C7B563278E210400859E2B;
					};
				};
			};
			buildConfigurationList = 26C7B55F278E210400859E2B /* Build configuration list for PBXProject "conecta4" */;
			compatibilityVersion = "Xcode 13.0";
			developmentRegion = en;
			hasScannedForEncodings = 0;
			knownRegions = (
				en,
				Base,
			);
			mainGroup = 26C7B55B278E210400859E2B;
			productRefGroup = 26C7B565278E210400859E2B /* Products */;
			projectDirPath = "";
			projectRoot = "";
			targets = (
				26C7B563278E210400859E2B /* conecta4 */,
				26C7B573278E210600859E2B /* conecta4Tests */,
				26C7B57D278E210600859E2B /* conecta4UITests */,
			);
		};
/* End PBXProject section */

/* Begin PBXResourcesBuildPhase section */
		26C7B562278E210400859E2B /* Resources */ = {
			isa = PBXResourcesBuildPhase;
			buildActionMask = 2147483647;
			files = (
				26C7B56F278E210600859E2B /* Preview Assets.xcassets in Resources */,
				26C7B56C278E210600859E2B /* Assets.xcassets in Resources */,
			);
			runOnlyForDeploymentPostprocessing = 0;
		};
		26C7B572278E210600859E2B /* Resources */ = {
			isa = PBXResourcesBuildPhase;
			buildActionMask = 2147483647;
			files = (
			);
			runOnlyForDeploymentPostprocessing = 0;
		};
		26C7B57C278E210600859E2B /* Resources */ = {
			isa = PBXResourcesBuildPhase;
			buildActionMask = 2147483647;
			files = (
			);
			runOnlyForDeploymentPostprocessing = 0;
		};
/* End PBXResourcesBuildPhase section */

/* Begin PBXSourcesBuildPhase section */
		26C7B560278E210400859E2B /* Sources */ = {
			isa = PBXSourcesBuildPhase;
			buildActionMask = 2147483647;
			files = (
				26C7B56A278E210400859E2B /* ContentView.swift in Sources */,
				26C7B59B278E212500859E2B /* CellView.swift in Sources */,
				26C7B568278E210400859E2B /* conecta4App.swift in Sources */,
				26C7B59A278E212500859E2B /* Turn.swift in Sources */,
				26C7B59C278E212500859E2B /* LocalPlayer.swift in Sources */,
				26C7B59D278E212500859E2B /* NullPlayer.swift in Sources */,
				26C7B5A0278E212500859E2B /* AwayPlayer.swift in Sources */,
				26C7B59E278E212500859E2B /* Board.swift in Sources */,
				26C7B59F278E212500859E2B /* Player.swift in Sources */,
				26C7B599278E212500859E2B /* Coordinate.swift in Sources */,
			);
			runOnlyForDeploymentPostprocessing = 0;
		};
		26C7B570278E210600859E2B /* Sources */ = {
			isa = PBXSourcesBuildPhase;
			buildActionMask = 2147483647;
			files = (
				26C7B5A8278E219200859E2B /* PlayerTests.swift in Sources */,
				26C7B5A5278E219200859E2B /* BoardTests.swift in Sources */,
				26C7B5A6278E219200859E2B /* CoordinateTests.swift in Sources */,
				26C7B5A7278E219200859E2B /* TurnTests.swift in Sources */,
			);
			runOnlyForDeploymentPostprocessing = 0;
		};
		26C7B57A278E210600859E2B /* Sources */ = {
			isa = PBXSourcesBuildPhase;
			buildActionMask = 2147483647;
			files = (
				26C7B5AA278E21A900859E2B /* ContentViewUITests.swift in Sources */,
				26C7B585278E210600859E2B /* conecta4UITestsLaunchTests.swift in Sources */,
				26C7B583278E210600859E2B /* conecta4UITests.swift in Sources */,
			);
			runOnlyForDeploymentPostprocessing = 0;
		};
/* End PBXSourcesBuildPhase section */

/* Begin PBXTargetDependency section */
		26C7B576278E210600859E2B /* PBXTargetDependency */ = {
			isa = PBXTargetDependency;
			target = 26C7B563278E210400859E2B /* conecta4 */;
			targetProxy = 26C7B575278E210600859E2B /* PBXContainerItemProxy */;
		};
		26C7B580278E210600859E2B /* PBXTargetDependency */ = {
			isa = PBXTargetDependency;
			target = 26C7B563278E210400859E2B /* conecta4 */;
			targetProxy = 26C7B57F278E210600859E2B /* PBXContainerItemProxy */;
		};
/* End PBXTargetDependency section */

/* Begin XCBuildConfiguration section */
		26C7B586278E210600859E2B /* Debug */ = {
			isa = XCBuildConfiguration;
			buildSettings = {
				ALWAYS_SEARCH_USER_PATHS = NO;
				CLANG_ANALYZER_NONNULL = YES;
				CLANG_ANALYZER_NUMBER_OBJECT_CONVERSION = YES_AGGRESSIVE;
				CLANG_CXX_LANGUAGE_STANDARD = "gnu++17";
				CLANG_CXX_LIBRARY = "libc++";
				CLANG_ENABLE_MODULES = YES;
				CLANG_ENABLE_OBJC_ARC = YES;
				CLANG_ENABLE_OBJC_WEAK = YES;
				CLANG_WARN_BLOCK_CAPTURE_AUTORELEASING = YES;
				CLANG_WARN_BOOL_CONVERSION = YES;
				CLANG_WARN_COMMA = YES;
				CLANG_WARN_CONSTANT_CONVERSION = YES;
				CLANG_WARN_DEPRECATED_OBJC_IMPLEMENTATIONS = YES;
				CLANG_WARN_DIRECT_OBJC_ISA_USAGE = YES_ERROR;
				CLANG_WARN_DOCUMENTATION_COMMENTS = YES;
				CLANG_WARN_EMPTY_BODY = YES;
				CLANG_WARN_ENUM_CONVERSION = YES;
				CLANG_WARN_INFINITE_RECURSION = YES;
				CLANG_WARN_INT_CONVERSION = YES;
				CLANG_WARN_NON_LITERAL_NULL_CONVERSION = YES;
				CLANG_WARN_OBJC_IMPLICIT_RETAIN_SELF = YES;
				CLANG_WARN_OBJC_LITERAL_CONVERSION = YES;
				CLANG_WARN_OBJC_ROOT_CLASS = YES_ERROR;
				CLANG_WARN_QUOTED_INCLUDE_IN_FRAMEWORK_HEADER = YES;
				CLANG_WARN_RANGE_LOOP_ANALYSIS = YES;
				CLANG_WARN_STRICT_PROTOTYPES = YES;
				CLANG_WARN_SUSPICIOUS_MOVE = YES;
				CLANG_WARN_UNGUARDED_AVAILABILITY = YES_AGGRESSIVE;
				CLANG_WARN_UNREACHABLE_CODE = YES;
				CLANG_WARN__DUPLICATE_METHOD_MATCH = YES;
				COPY_PHASE_STRIP = NO;
				DEBUG_INFORMATION_FORMAT = dwarf;
				ENABLE_STRICT_OBJC_MSGSEND = YES;
				ENABLE_TESTABILITY = YES;
				GCC_C_LANGUAGE_STANDARD = gnu11;
				GCC_DYNAMIC_NO_PIC = NO;
				GCC_NO_COMMON_BLOCKS = YES;
				GCC_OPTIMIZATION_LEVEL = 0;
				GCC_PREPROCESSOR_DEFINITIONS = (
					"DEBUG=1",
					"$(inherited)",
				);
				GCC_WARN_64_TO_32_BIT_CONVERSION = YES;
				GCC_WARN_ABOUT_RETURN_TYPE = YES_ERROR;
				GCC_WARN_UNDECLARED_SELECTOR = YES;
				GCC_WARN_UNINITIALIZED_AUTOS = YES_AGGRESSIVE;
				GCC_WARN_UNUSED_FUNCTION = YES;
				GCC_WARN_UNUSED_VARIABLE = YES;
				IPHONEOS_DEPLOYMENT_TARGET = 15.0;
				MTL_ENABLE_DEBUG_INFO = INCLUDE_SOURCE;
				MTL_FAST_MATH = YES;
				ONLY_ACTIVE_ARCH = YES;
				SDKROOT = iphoneos;
				SWIFT_ACTIVE_COMPILATION_CONDITIONS = DEBUG;
				SWIFT_OPTIMIZATION_LEVEL = "-Onone";
			};
			name = Debug;
		};
		26C7B587278E210600859E2B /* Release */ = {
			isa = XCBuildConfiguration;
			buildSettings = {
				ALWAYS_SEARCH_USER_PATHS = NO;
				CLANG_ANALYZER_NONNULL = YES;
				CLANG_ANALYZER_NUMBER_OBJECT_CONVERSION = YES_AGGRESSIVE;
				CLANG_CXX_LANGUAGE_STANDARD = "gnu++17";
				CLANG_CXX_LIBRARY = "libc++";
				CLANG_ENABLE_MODULES = YES;
				CLANG_ENABLE_OBJC_ARC = YES;
				CLANG_ENABLE_OBJC_WEAK = YES;
				CLANG_WARN_BLOCK_CAPTURE_AUTORELEASING = YES;
				CLANG_WARN_BOOL_CONVERSION = YES;
				CLANG_WARN_COMMA = YES;
				CLANG_WARN_CONSTANT_CONVERSION = YES;
				CLANG_WARN_DEPRECATED_OBJC_IMPLEMENTATIONS = YES;
				CLANG_WARN_DIRECT_OBJC_ISA_USAGE = YES_ERROR;
				CLANG_WARN_DOCUMENTATION_COMMENTS = YES;
				CLANG_WARN_EMPTY_BODY = YES;
				CLANG_WARN_ENUM_CONVERSION = YES;
				CLANG_WARN_INFINITE_RECURSION = YES;
				CLANG_WARN_INT_CONVERSION = YES;
				CLANG_WARN_NON_LITERAL_NULL_CONVERSION = YES;
				CLANG_WARN_OBJC_IMPLICIT_RETAIN_SELF = YES;
				CLANG_WARN_OBJC_LITERAL_CONVERSION = YES;
				CLANG_WARN_OBJC_ROOT_CLASS = YES_ERROR;
				CLANG_WARN_QUOTED_INCLUDE_IN_FRAMEWORK_HEADER = YES;
				CLANG_WARN_RANGE_LOOP_ANALYSIS = YES;
				CLANG_WARN_STRICT_PROTOTYPES = YES;
				CLANG_WARN_SUSPICIOUS_MOVE = YES;
				CLANG_WARN_UNGUARDED_AVAILABILITY = YES_AGGRESSIVE;
				CLANG_WARN_UNREACHABLE_CODE = YES;
				CLANG_WARN__DUPLICATE_METHOD_MATCH = YES;
				COPY_PHASE_STRIP = NO;
				DEBUG_INFORMATION_FORMAT = "dwarf-with-dsym";
				ENABLE_NS_ASSERTIONS = NO;
				ENABLE_STRICT_OBJC_MSGSEND = YES;
				GCC_C_LANGUAGE_STANDARD = gnu11;
				GCC_NO_COMMON_BLOCKS = YES;
				GCC_WARN_64_TO_32_BIT_CONVERSION = YES;
				GCC_WARN_ABOUT_RETURN_TYPE = YES_ERROR;
				GCC_WARN_UNDECLARED_SELECTOR = YES;
				GCC_WARN_UNINITIALIZED_AUTOS = YES_AGGRESSIVE;
				GCC_WARN_UNUSED_FUNCTION = YES;
				GCC_WARN_UNUSED_VARIABLE = YES;
				IPHONEOS_DEPLOYMENT_TARGET = 15.0;
				MTL_ENABLE_DEBUG_INFO = NO;
				MTL_FAST_MATH = YES;
				SDKROOT = iphoneos;
				SWIFT_COMPILATION_MODE = wholemodule;
				SWIFT_OPTIMIZATION_LEVEL = "-O";
				VALIDATE_PRODUCT = YES;
			};
			name = Release;
		};
		26C7B589278E210600859E2B /* Debug */ = {
			isa = XCBuildConfiguration;
			buildSettings = {
				ASSETCATALOG_COMPILER_APPICON_NAME = AppIcon;
				ASSETCATALOG_COMPILER_GLOBAL_ACCENT_COLOR_NAME = AccentColor;
				CODE_SIGN_STYLE = Automatic;
				CURRENT_PROJECT_VERSION = 1;
				DEVELOPMENT_ASSET_PATHS = "\"conecta4/Preview Content\"";
				ENABLE_PREVIEWS = YES;
				GENERATE_INFOPLIST_FILE = YES;
				INFOPLIST_KEY_UIApplicationSceneManifest_Generation = YES;
				INFOPLIST_KEY_UIApplicationSupportsIndirectInputEvents = YES;
				INFOPLIST_KEY_UILaunchScreen_Generation = YES;
				INFOPLIST_KEY_UISupportedInterfaceOrientations_iPad = "UIInterfaceOrientationPortrait UIInterfaceOrientationPortraitUpsideDown UIInterfaceOrientationLandscapeLeft UIInterfaceOrientationLandscapeRight";
				INFOPLIST_KEY_UISupportedInterfaceOrientations_iPhone = "UIInterfaceOrientationPortrait UIInterfaceOrientationLandscapeLeft UIInterfaceOrientationLandscapeRight";
				IPHONEOS_DEPLOYMENT_TARGET = 15.0;
				LD_RUNPATH_SEARCH_PATHS = (
					"$(inherited)",
					"@executable_path/Frameworks",
				);
				MARKETING_VERSION = 1.0;
				PRODUCT_BUNDLE_IDENTIFIER = com.nttdata.conecta4;
				PRODUCT_NAME = "$(TARGET_NAME)";
				SWIFT_EMIT_LOC_STRINGS = YES;
				SWIFT_VERSION = 5.0;
				TARGETED_DEVICE_FAMILY = "1,2";
			};
			name = Debug;
		};
		26C7B58A278E210600859E2B /* Release */ = {
			isa = XCBuildConfiguration;
			buildSettings = {
				ASSETCATALOG_COMPILER_APPICON_NAME = AppIcon;
				ASSETCATALOG_COMPILER_GLOBAL_ACCENT_COLOR_NAME = AccentColor;
				CODE_SIGN_STYLE = Automatic;
				CURRENT_PROJECT_VERSION = 1;
				DEVELOPMENT_ASSET_PATHS = "\"conecta4/Preview Content\"";
				ENABLE_PREVIEWS = YES;
				GENERATE_INFOPLIST_FILE = YES;
				INFOPLIST_KEY_UIApplicationSceneManifest_Generation = YES;
				INFOPLIST_KEY_UIApplicationSupportsIndirectInputEvents = YES;
				INFOPLIST_KEY_UILaunchScreen_Generation = YES;
				INFOPLIST_KEY_UISupportedInterfaceOrientations_iPad = "UIInterfaceOrientationPortrait UIInterfaceOrientationPortraitUpsideDown UIInterfaceOrientationLandscapeLeft UIInterfaceOrientationLandscapeRight";
				INFOPLIST_KEY_UISupportedInterfaceOrientations_iPhone = "UIInterfaceOrientationPortrait UIInterfaceOrientationLandscapeLeft UIInterfaceOrientationLandscapeRight";
				IPHONEOS_DEPLOYMENT_TARGET = 15.0;
				LD_RUNPATH_SEARCH_PATHS = (
					"$(inherited)",
					"@executable_path/Frameworks",
				);
				MARKETING_VERSION = 1.0;
				PRODUCT_BUNDLE_IDENTIFIER = com.nttdata.conecta4;
				PRODUCT_NAME = "$(TARGET_NAME)";
				SWIFT_EMIT_LOC_STRINGS = YES;
				SWIFT_VERSION = 5.0;
				TARGETED_DEVICE_FAMILY = "1,2";
			};
			name = Release;
		};
		26C7B58C278E210600859E2B /* Debug */ = {
			isa = XCBuildConfiguration;
			buildSettings = {
				ALWAYS_EMBED_SWIFT_STANDARD_LIBRARIES = YES;
				BUNDLE_LOADER = "$(TEST_HOST)";
				CODE_SIGN_STYLE = Automatic;
				CURRENT_PROJECT_VERSION = 1;
				GENERATE_INFOPLIST_FILE = YES;
				IPHONEOS_DEPLOYMENT_TARGET = 15.0;
				LD_RUNPATH_SEARCH_PATHS = (
					"$(inherited)",
					"@executable_path/Frameworks",
					"@loader_path/Frameworks",
				);
				MARKETING_VERSION = 1.0;
				PRODUCT_BUNDLE_IDENTIFIER = com.nttdata.conecta4Tests;
				PRODUCT_NAME = "$(TARGET_NAME)";
				SWIFT_EMIT_LOC_STRINGS = NO;
				SWIFT_VERSION = 5.0;
				TARGETED_DEVICE_FAMILY = "1,2";
				TEST_HOST = "$(BUILT_PRODUCTS_DIR)/conecta4.app/conecta4";
			};
			name = Debug;
		};
		26C7B58D278E210600859E2B /* Release */ = {
			isa = XCBuildConfiguration;
			buildSettings = {
				ALWAYS_EMBED_SWIFT_STANDARD_LIBRARIES = YES;
				BUNDLE_LOADER = "$(TEST_HOST)";
				CODE_SIGN_STYLE = Automatic;
				CURRENT_PROJECT_VERSION = 1;
				GENERATE_INFOPLIST_FILE = YES;
				IPHONEOS_DEPLOYMENT_TARGET = 15.0;
				LD_RUNPATH_SEARCH_PATHS = (
					"$(inherited)",
					"@executable_path/Frameworks",
					"@loader_path/Frameworks",
				);
				MARKETING_VERSION = 1.0;
				PRODUCT_BUNDLE_IDENTIFIER = com.nttdata.conecta4Tests;
				PRODUCT_NAME = "$(TARGET_NAME)";
				SWIFT_EMIT_LOC_STRINGS = NO;
				SWIFT_VERSION = 5.0;
				TARGETED_DEVICE_FAMILY = "1,2";
				TEST_HOST = "$(BUILT_PRODUCTS_DIR)/conecta4.app/conecta4";
			};
			name = Release;
		};
		26C7B58F278E210600859E2B /* Debug */ = {
			isa = XCBuildConfiguration;
			buildSettings = {
				ALWAYS_EMBED_SWIFT_STANDARD_LIBRARIES = YES;
				CODE_SIGN_STYLE = Automatic;
				CURRENT_PROJECT_VERSION = 1;
				GENERATE_INFOPLIST_FILE = YES;
				LD_RUNPATH_SEARCH_PATHS = (
					"$(inherited)",
					"@executable_path/Frameworks",
					"@loader_path/Frameworks",
				);
				MARKETING_VERSION = 1.0;
				PRODUCT_BUNDLE_IDENTIFIER = com.nttdata.conecta4UITests;
				PRODUCT_NAME = "$(TARGET_NAME)";
				SWIFT_EMIT_LOC_STRINGS = NO;
				SWIFT_VERSION = 5.0;
				TARGETED_DEVICE_FAMILY = "1,2";
				TEST_TARGET_NAME = conecta4;
			};
			name = Debug;
		};
		26C7B590278E210600859E2B /* Release */ = {
			isa = XCBuildConfiguration;
			buildSettings = {
				ALWAYS_EMBED_SWIFT_STANDARD_LIBRARIES = YES;
				CODE_SIGN_STYLE = Automatic;
				CURRENT_PROJECT_VERSION = 1;
				GENERATE_INFOPLIST_FILE = YES;
				LD_RUNPATH_SEARCH_PATHS = (
					"$(inherited)",
					"@executable_path/Frameworks",
					"@loader_path/Frameworks",
				);
				MARKETING_VERSION = 1.0;
				PRODUCT_BUNDLE_IDENTIFIER = com.nttdata.conecta4UITests;
				PRODUCT_NAME = "$(TARGET_NAME)";
				SWIFT_EMIT_LOC_STRINGS = NO;
				SWIFT_VERSION = 5.0;
				TARGETED_DEVICE_FAMILY = "1,2";
				TEST_TARGET_NAME = conecta4;
			};
			name = Release;
		};
/* End XCBuildConfiguration section */

/* Begin XCConfigurationList section */
		26C7B55F278E210400859E2B /* Build configuration list for PBXProject "conecta4" */ = {
			isa = XCConfigurationList;
			buildConfigurations = (
				26C7B586278E210600859E2B /* Debug */,
				26C7B587278E210600859E2B /* Release */,
			);
			defaultConfigurationIsVisible = 0;
			defaultConfigurationName = Release;
		};
		26C7B588278E210600859E2B /* Build configuration list for PBXNativeTarget "conecta4" */ = {
			isa = XCConfigurationList;
			buildConfigurations = (
				26C7B589278E210600859E2B /* Debug */,
				26C7B58A278E210600859E2B /* Release */,
			);
			defaultConfigurationIsVisible = 0;
			defaultConfigurationName = Release;
		};
		26C7B58B278E210600859E2B /* Build configuration list for PBXNativeTarget "conecta4Tests" */ = {
			isa = XCConfigurationList;
			buildConfigurations = (
				26C7B58C278E210600859E2B /* Debug */,
				26C7B58D278E210600859E2B /* Release */,
			);
			defaultConfigurationIsVisible = 0;
			defaultConfigurationName = Release;
		};
		26C7B58E278E210600859E2B /* Build configuration list for PBXNativeTarget "conecta4UITests" */ = {
			isa = XCConfigurationList;
			buildConfigurations = (
				26C7B58F278E210600859E2B /* Debug */,
				26C7B590278E210600859E2B /* Release */,
			);
			defaultConfigurationIsVisible = 0;
			defaultConfigurationName = Release;
		};
/* End XCConfigurationList section */
	};
	rootObject = 26C7B55C278E210400859E2B /* Project object */;
}
